
Microsoft Visual Studio Solution File, Format Version 12.00
# Visual Studio 2012
Project("{FAE04EC0-301F-11D3-BF4B-00C04F79EFBC}") = "icaloc2014", "icaloc2014\icaloc2014.csproj", "{19033C87-3A99-4B4C-A7D6-51E2F4D01A67}"
EndProject
Project("{FAE04EC0-301F-11D3-BF4B-00C04F79EFBC}") = "icaloc2014.test", "icaloc2014.test\icaloc2014.test.csproj", "{513389B1-CBDD-4414-8AF8-63DF7E89A13A}"
EndProject
Global
	GlobalSection(SolutionConfigurationPlatforms) = preSolution
		Debug|x86 = Debug|x86
		Release|x86 = Release|x86
	EndGlobalSection
	GlobalSection(ProjectConfigurationPlatforms) = postSolution
		{19033C87-3A99-4B4C-A7D6-51E2F4D01A67}.Debug|x86.ActiveCfg = Debug|x86
		{19033C87-3A99-4B4C-A7D6-51E2F4D01A67}.Debug|x86.Build.0 = Debug|x86
		{19033C87-3A99-4B4C-A7D6-51E2F4D01A67}.Release|x86.ActiveCfg = Release|x86
		{19033C87-3A99-4B4C-A7D6-51E2F4D01A67}.Release|x86.Build.0 = Release|x86
		{513389B1-CBDD-4414-8AF8-63DF7E89A13A}.Debug|x86.ActiveCfg = Debug|Any CPU
		{513389B1-CBDD-4414-8AF8-63DF7E89A13A}.Debug|x86.Build.0 = Debug|Any CPU
		{513389B1-CBDD-4414-8AF8-63DF7E89A13A}.Release|x86.ActiveCfg = Release|Any CPU
		{513389B1-CBDD-4414-8AF8-63DF7E89A13A}.Release|x86.Build.0 = Release|Any CPU
	EndGlobalSection
	GlobalSection(MonoDevelopProperties) = preSolution
		StartupItem = icaloc2014\icaloc2014.csproj
	EndGlobalSection
EndGlobal
